{
  "name": "slack-mcp-server",
  "version": "1.1.0",
  "lockfileVersion": 3,
  "requires": true,
  "packages": {
    "": {
      "name": "slack-mcp-server",
      "version": "1.1.0",
      "license": "MIT",
      "bin": {
        "slack-mcp-server": "bin/index.js"
      },
      "optionalDependencies": {
        "slack-mcp-server-darwin-amd64": "1.1.0",
        "slack-mcp-server-darwin-arm64": "1.1.0",
        "slack-mcp-server-linux-amd64": "1.1.0",
        "slack-mcp-server-linux-arm64": "1.1.0",
        "slack-mcp-server-windows-amd64": "1.1.0",
        "slack-mcp-server-windows-arm64": "1.1.0"
      }
    },
    "node_modules/slack-mcp-server-darwin-amd64": {
      "version": "1.1.0",
      "resolved": "https://registry.npmjs.org/slack-mcp-server-darwin-amd64/-/slack-mcp-server-darwin-amd64-1.1.0.tgz",
      "integrity": "sha512-57DFwdzOkNagMjzzCkpPWRBtFljT8sKrII5mrUtWClKtxGYFzl56ELCW6TBRyOEVYnX6X+d5tLneR3DteP1pvQ==",
      "cpu": [
        "x64"
      ],
      "optional": true,
      "os": [
        "darwin"
      ]
    },
    "node_modules/slack-mcp-server-darwin-arm64": {
      "version": "1.1.0",
      "resolved": "https://registry.npmjs.org/slack-mcp-server-darwin-arm64/-/slack-mcp-server-darwin-arm64-1.1.0.tgz",
      "integrity": "sha512-oc5ALpongCC+YrW1lstW37JOsOEf87nANMC10PfpyI7fXvFmBH/yRCSDj6fIvdOcv8DPDHSXs0ba4WtmKP29PQ==",
      "cpu": [
        "arm64"
      ],
      "optional": true,
      "os": [
        "darwin"
      ]
    },
    "node_modules/slack-mcp-server-linux-amd64": {
      "version": "1.1.0",
      "resolved": "https://registry.npmjs.org/slack-mcp-server-linux-amd64/-/slack-mcp-server-linux-amd64-1.1.0.tgz",
      "integrity": "sha512-cv6PhNtWgSdxbJUNUmBuM5QMlGrmlMak9uWJFPm0zPEJGvll2r7K2GVx7nEousvHCrt9nWYy9VzYt13LqGNuIw==",
      "cpu": [
        "x64"
      ],
      "optional": true,
      "os": [
        "linux"
      ]
    },
    "node_modules/slack-mcp-server-linux-arm64": {
      "version": "1.1.0",
      "resolved": "https://registry.npmjs.org/slack-mcp-server-linux-arm64/-/slack-mcp-server-linux-arm64-1.1.0.tgz",
      "integrity": "sha512-PG8S0DXpjZK4PzBthEYkZ9H6O/GBy2LCk3FFuC1QRmaCH25NW0IrdOBUUCRJcBxJ5DBMO6aAbx2uMOr3sc9DtQ==",
      "cpu": [
        "arm64"
      ],
      "optional": true,
      "os": [
        "linux"
      ]
    },
    "node_modules/slack-mcp-server-windows-amd64": {
      "version": "1.1.0",
      "resolved": "https://registry.npmjs.org/slack-mcp-server-windows-amd64/-/slack-mcp-server-windows-amd64-1.1.0.tgz",
      "integrity": "sha512-Evt/FlaOBgPBv6pNX6vjMxeM/O7L2GDI2grWlaAfuij0pliSEWIfA818NlTOJBqdnIeoALQESK9ffej6qbwYAw==",
      "cpu": [
        "x64"
      ],
      "optional": true,
      "os": [
        "win32"
      ]
    },
    "node_modules/slack-mcp-server-windows-arm64": {
      "version": "1.1.0",
      "resolved": "https://registry.npmjs.org/slack-mcp-server-windows-arm64/-/slack-mcp-server-windows-arm64-1.1.0.tgz",
      "integrity": "sha512-rlWE+YwcIbC37AUaIETy4oNzLuIrOu/dyXzhno7jZVHvRv0939B/8DpJTA36Wb2sXChnIUzfMbgpJTFQUltIHA==",
      "cpu": [
        "arm64"
      ],
      "optional": true,
      "os": [
        "win32"
      ]
    }
  }
}
